
Microsoft Visual Studio Solution File, Format Version 12.00
# Visual Studio Version 16
VisualStudioVersion = 16.0.31911.196
MinimumVisualStudioVersion = 10.0.40219.1
Project("{9A19103F-16F7-4668-BE54-9A1E7A4F7556}") = "Ders6-Metot-Ornekleri", "Ders6-Metot-Ornekleri.csproj", "{465BF065-1206-49CE-8A7C-A18F8C89BB7E}"
EndProject
Global
	GlobalSection(SolutionConfigurationPlatforms) = preSolution
		Debug|Any CPU = Debug|Any CPU
		Release|Any CPU = Release|Any CPU
	EndGlobalSection
	GlobalSection(ProjectConfigurationPlatforms) = postSolution
		{465BF065-1206-49CE-8A7C-A18F8C89BB7E}.Debug|Any CPU.ActiveCfg = Debug|Any CPU
		{465BF065-1206-49CE-8A7C-A18F8C89BB7E}.Debug|Any CPU.Build.0 = Debug|Any CPU
		{465BF065-1206-49CE-8A7C-A18F8C89BB7E}.Release|Any CPU.ActiveCfg = Release|Any CPU
		{465BF065-1206-49CE-8A7C-A18F8C89BB7E}.Release|Any CPU.Build.0 = Release|Any CPU
	EndGlobalSection
	GlobalSection(SolutionProperties) = preSolution
		HideSolutionNode = FALSE
	EndGlobalSection
	GlobalSection(ExtensibilityGlobals) = postSolution
		SolutionGuid = {6C5095C6-5211-4557-A3CA-8098968B6644}
	EndGlobalSection
EndGlobal
